
Microsoft Visual Studio Solution File, Format Version 12.00
# Visual Studio 15
VisualStudioVersion = 15.0.28010.2016
MinimumVisualStudioVersion = 10.0.40219.1
Project("{8BC9CEB8-8B4A-11D0-8D11-00A0C91BC942}") = "SharedPointer", "SharedPointer.vcxproj", "{11857B32-D4DB-4574-A226-DDC77E4F720F}"
EndProject
Global
	GlobalSection(SolutionConfigurationPlatforms) = preSolution
		Debug|ARM = Debug|ARM
		Debug|ARM64 = Debug|ARM64
		Debug|x64 = Debug|x64
		Debug|x86 = Debug|x86
		Release|ARM = Release|ARM
		Release|ARM64 = Release|ARM64
		Release|x64 = Release|x64
		Release|x86 = Release|x86
	EndGlobalSection
	GlobalSection(ProjectConfigurationPlatforms) = postSolution
		{11857B32-D4DB-4574-A226-DDC77E4F720F}.Debug|ARM.ActiveCfg = Debug|ARM
		{11857B32-D4DB-4574-A226-DDC77E4F720F}.Debug|ARM.Build.0 = Debug|ARM
		{11857B32-D4DB-4574-A226-DDC77E4F720F}.Debug|ARM64.ActiveCfg = Debug|ARM64
		{11857B32-D4DB-4574-A226-DDC77E4F720F}.Debug|ARM64.Build.0 = Debug|ARM64
		{11857B32-D4DB-4574-A226-DDC77E4F720F}.Debug|x64.ActiveCfg = Debug|x64
		{11857B32-D4DB-4574-A226-DDC77E4F720F}.Debug|x64.Build.0 = Debug|x64
		{11857B32-D4DB-4574-A226-DDC77E4F720F}.Debug|x86.ActiveCfg = Debug|x86
		{11857B32-D4DB-4574-A226-DDC77E4F720F}.Debug|x86.Build.0 = Debug|x86
		{11857B32-D4DB-4574-A226-DDC77E4F720F}.Release|ARM.ActiveCfg = Release|ARM
		{11857B32-D4DB-4574-A226-DDC77E4F720F}.Release|ARM.Build.0 = Release|ARM
		{11857B32-D4DB-4574-A226-DDC77E4F720F}.Release|ARM64.ActiveCfg = Release|ARM64
		{11857B32-D4DB-4574-A226-DDC77E4F720F}.Release|ARM64.Build.0 = Release|ARM64
		{11857B32-D4DB-4574-A226-DDC77E4F720F}.Release|x64.ActiveCfg = Release|x64
		{11857B32-D4DB-4574-A226-DDC77E4F720F}.Release|x64.Build.0 = Release|x64
		{11857B32-D4DB-4574-A226-DDC77E4F720F}.Release|x86.ActiveCfg = Release|x86
		{11857B32-D4DB-4574-A226-DDC77E4F720F}.Release|x86.Build.0 = Release|x86
	EndGlobalSection
	GlobalSection(SolutionProperties) = preSolution
		HideSolutionNode = FALSE
	EndGlobalSection
	GlobalSection(ExtensibilityGlobals) = postSolution
		SolutionGuid = {1D4C4988-16A4-4FB7-BCD1-1EEDC0C81AE7}
	EndGlobalSection
EndGlobal
