
Microsoft Visual Studio Solution File, Format Version 12.00
# Visual Studio 15
VisualStudioVersion = 15.0.28010.2016
MinimumVisualStudioVersion = 10.0.40219.1
Project("{8BC9CEB8-8B4A-11D0-8D11-00A0C91BC942}") = "VS_Studio_c++", "VS_Studio_c++\VS_Studio_c++.vcxproj", "{CF3F66A1-DB96-493A-BB1D-46D84A04AB4D}"
EndProject
Global
	GlobalSection(SolutionConfigurationPlatforms) = preSolution
		Debug|ARM = Debug|ARM
		Debug|ARM64 = Debug|ARM64
		Debug|x64 = Debug|x64
		Debug|x86 = Debug|x86
		Release|ARM = Release|ARM
		Release|ARM64 = Release|ARM64
		Release|x64 = Release|x64
		Release|x86 = Release|x86
	EndGlobalSection
	GlobalSection(ProjectConfigurationPlatforms) = postSolution
		{CF3F66A1-DB96-493A-BB1D-46D84A04AB4D}.Debug|ARM.ActiveCfg = Debug|ARM
		{CF3F66A1-DB96-493A-BB1D-46D84A04AB4D}.Debug|ARM.Build.0 = Debug|ARM
		{CF3F66A1-DB96-493A-BB1D-46D84A04AB4D}.Debug|ARM64.ActiveCfg = Debug|ARM64
		{CF3F66A1-DB96-493A-BB1D-46D84A04AB4D}.Debug|ARM64.Build.0 = Debug|ARM64
		{CF3F66A1-DB96-493A-BB1D-46D84A04AB4D}.Debug|x64.ActiveCfg = Debug|x64
		{CF3F66A1-DB96-493A-BB1D-46D84A04AB4D}.Debug|x64.Build.0 = Debug|x64
		{CF3F66A1-DB96-493A-BB1D-46D84A04AB4D}.Debug|x86.ActiveCfg = Debug|x86
		{CF3F66A1-DB96-493A-BB1D-46D84A04AB4D}.Debug|x86.Build.0 = Debug|x86
		{CF3F66A1-DB96-493A-BB1D-46D84A04AB4D}.Release|ARM.ActiveCfg = Release|ARM
		{CF3F66A1-DB96-493A-BB1D-46D84A04AB4D}.Release|ARM.Build.0 = Release|ARM
		{CF3F66A1-DB96-493A-BB1D-46D84A04AB4D}.Release|ARM64.ActiveCfg = Release|ARM64
		{CF3F66A1-DB96-493A-BB1D-46D84A04AB4D}.Release|ARM64.Build.0 = Release|ARM64
		{CF3F66A1-DB96-493A-BB1D-46D84A04AB4D}.Release|x64.ActiveCfg = Release|x64
		{CF3F66A1-DB96-493A-BB1D-46D84A04AB4D}.Release|x64.Build.0 = Release|x64
		{CF3F66A1-DB96-493A-BB1D-46D84A04AB4D}.Release|x86.ActiveCfg = Release|x86
		{CF3F66A1-DB96-493A-BB1D-46D84A04AB4D}.Release|x86.Build.0 = Release|x86
	EndGlobalSection
	GlobalSection(SolutionProperties) = preSolution
		HideSolutionNode = FALSE
	EndGlobalSection
	GlobalSection(ExtensibilityGlobals) = postSolution
		SolutionGuid = {ED352961-ABB7-43F4-82EC-D546CF38A944}
	EndGlobalSection
EndGlobal
